{"1.1.0",
[{<<"active">>,
  {git,"git://github.com/synrc/active",
       {ref,"0a828369012136747bd6262df8965d5195904c28"}},
  0},
 {<<"avz">>,
  {git,"git://github.com/synrc/avz",
       {ref,"8a7936ebe2ba0f7a191a5d79b91bbf94d4ae15a6"}},
  0},
 {<<"cowboy">>,
  {git,"git://github.com/extend/cowboy",
       {ref,"3d9078018d7f0a83a359b70c698d35e35fbb94f9"}},
  1},
 {<<"cowlib">>,
  {git,"git://github.com/ninenines/cowlib.git",
       {ref,"d544a494af4dbc810fc9c15eaf5cc050cced1501"}},
  2},
 {<<"erlydtl">>,
  {git,"git://github.com/evanmiller/erlydtl",
       {ref,"032746b8068f367eb63923cb6f8b2095065015b9"}},
  0},
 {<<"fs">>,
  {git,"git://github.com/synrc/fs",
       {ref,"5bec73a9b968834cd77e1b3932ffa8321c984e87"}},
  0},
 {<<"gproc">>,
  {git,"git://github.com/uwiger/gproc",
       {ref,"1d16f5e6d7cf616eec4395f2385e3a680a4ffc9f"}},
  0},
 {<<"jsone">>,
  {git,"git://github.com/sile/jsone.git",
       {ref,"20076d0d7267a593e03d538d14f52fb2c6149609"}},
  0},
 {<<"jsx">>,{pkg,<<"jsx">>,<<"2.8.3">>},0},
 {<<"kvs">>,
  {git,"git://github.com/synrc/kvs",
       {ref,"82fe79ecb29f98c9d152e83be46b9d979417ff41"}},
  0},
 {<<"mad">>,
  {git,"git://github.com/synrc/mad",
       {ref,"2c1413039e065dc8cc4d3c5a3b1ae3748a3644bd"}},
  0},
 {<<"msgpack">>,
  {git,"https://github.com/cleverfox/msgpack-erlang",
       {ref,"84e1cec99c6f60e47d5c0abe758834034c41f3d0"}},
  0},
 {<<"n2o">>,
  {git,"git://github.com/synrc/n2o",
       {ref,"d9580fd4596d8e1e25c565eab8491b2dfbd4bfb8"}},
  0},
 {<<"nitro">>,
  {git,"git://github.com/synrc/nitro",
       {ref,"3d5247afa7649158ee5a54d51ca5fa88bc0293eb"}},
  0},
 {<<"oauth">>,
  {git,"git://github.com/tim/erlang-oauth",
       {ref,"bd19896e31125f99ff45bb5850b1c0e74b996743"}},
  1},
 {<<"ranch">>,
  {git,"git://github.com/ninenines/ranch.git",
       {ref,"adf1822defc2b7cfdc7aca112adabfa1d614043c"}},
  2},
 {<<"rest">>,
  {git,"git://github.com/synrc/rest",
       {ref,"4d943049e3b786418085119781916d5aa7f9f770"}},
  0},
 {<<"sh">>,
  {git,"git://github.com/synrc/sh",
       {ref,"5b3fb0a2499599af194ecc381499a7da016132ea"}},
  0},
 {<<"sync">>,
  {git,"https://github.com/rustyio/sync.git",
       {ref,"44a1e0d0c3eab0544010bc973ee46b1f6d602ccf"}},
  0},
 {<<"tpecdsa">>,
  {git,"https://github.com/thepower/tpecdsa.git",
       {ref,"1a6823399a5282a762184f2dafe1a884771da337"}},
  0}]}.
[
{pkg_hash,[
 {<<"jsx">>, <<"A05252D381885240744D955FBE3CF810504EB2567164824E19303EA59EEF62CF">>}]}
].
